
Microsoft Visual Studio Solution File, Format Version 12.00
# Visual Studio Version 17
VisualStudioVersion = 17.9.34728.123
MinimumVisualStudioVersion = 10.0.40219.1
Project("{FAE04EC0-301F-11D3-BF4B-00C04F79EFBC}") = "WebApplication", "WebApplication\WebApplication.csproj", "{B466C964-B211-45DC-8388-8262E4642324}"
EndProject
Global
	GlobalSection(SolutionConfigurationPlatforms) = preSolution
		Debug|Any CPU = Debug|Any CPU
		Release|Any CPU = Release|Any CPU
	EndGlobalSection
	GlobalSection(ProjectConfigurationPlatforms) = postSolution
		{B466C964-B211-45DC-8388-8262E4642324}.Debug|Any CPU.ActiveCfg = Debug|Any CPU
		{B466C964-B211-45DC-8388-8262E4642324}.Debug|Any CPU.Build.0 = Debug|Any CPU
		{B466C964-B211-45DC-8388-8262E4642324}.Release|Any CPU.ActiveCfg = Release|Any CPU
		{B466C964-B211-45DC-8388-8262E4642324}.Release|Any CPU.Build.0 = Release|Any CPU
	EndGlobalSection
	GlobalSection(SolutionProperties) = preSolution
		HideSolutionNode = FALSE
	EndGlobalSection
	GlobalSection(ExtensibilityGlobals) = postSolution
		SolutionGuid = {3FA74F5E-DA1A-4155-8374-5E684D2078A3}
	EndGlobalSection
EndGlobal
